Microsoft Visual Studio Solution File, Format Version 12.00
# Visual Studio Version 16
VisualStudioVersion = 16.0.29123.88
MinimumVisualStudioVersion = 10.0.40219.1
Project("{2150E333-8FDC-42A3-9474-1A3956D46DE8}") = "src", "src", "{4FB0816A-AD8E-448E-928A-774A64FC1C30}"
EndProject
Project("{2150E333-8FDC-42A3-9474-1A3956D46DE8}") = "build", "build", "{A14D1E2F-7D7E-481D-91A7-71F7837D60BE}"
	ProjectSection(SolutionItems) = preProject
		changelog.md = changelog.md
		README.md = README.md
		version.json = version.json
	EndProjectSection
EndProject
Project("{2150E333-8FDC-42A3-9474-1A3956D46DE8}") = "test", "test", "{5B5230D7-AC2B-4BCB-9FFC-3BD26DB61F44}"
EndProject
Project("{9A19103F-16F7-4668-BE54-9A1E7A4F7556}") = "Mallos.Input", "src\Mallos.Input\Mallos.Input.csproj", "{F43A7ADB-A7E5-4F8D-B900-704DFC840C01}"
EndProject
Project("{9A19103F-16F7-4668-BE54-9A1E7A4F7556}") = "Mallos.Input.Veldrid.SDL2", "src\Mallos.Input.Veldrid.SDL2\Mallos.Input.Veldrid.SDL2.csproj", "{72DFC3B3-3D7E-44FB-99B0-8AB9BFD27BE7}"
EndProject
Project("{D954291E-2A0B-460D-934E-DC6B0785DB48}") = "Mallos.Input.Debug", "src\Mallos.Input.Debug\Mallos.Input.Debug.shproj", "{FFDA853A-F774-491D-BB94-918464BEBE47}"
EndProject
Project("{9A19103F-16F7-4668-BE54-9A1E7A4F7556}") = "Mallos.Input.Debug.ImGuiNET", "src\Mallos.Input.Debug.ImGuiNET\Mallos.Input.Debug.ImGuiNET.csproj", "{185E0C41-48CB-4A2E-B9CD-9696D3A0100C}"
EndProject
Project("{9A19103F-16F7-4668-BE54-9A1E7A4F7556}") = "Mallos.Input.Veldrid.SDL2.Test", "test\Mallos.Input.Veldrid.SDL2.Test\Mallos.Input.Veldrid.SDL2.Test.csproj", "{790ED8E7-B61A-4989-853E-5DFBE01DCF66}"
EndProject
Project("{9A19103F-16F7-4668-BE54-9A1E7A4F7556}") = "Mallos.Input.Blazor", "src\Mallos.Input.Blazor\Mallos.Input.Blazor.csproj", "{310A35DA-2A24-49CC-A9BC-8E3825B003E5}"
EndProject
Project("{2150E333-8FDC-42A3-9474-1A3956D46DE8}") = "samples", "samples", "{1CD9C844-1AED-414E-814A-96CD68EC107A}"
EndProject
Project("{2150E333-8FDC-42A3-9474-1A3956D46DE8}") = "blazor", "blazor", "{F2321B34-936B-4466-B8D3-AF57FC15140D}"
EndProject
Project("{FAE04EC0-301F-11D3-BF4B-00C04F79EFBC}") = "BlazorSample", "samples\blazor\BlazorSample\BlazorSample.csproj", "{CFAA2710-90AB-4E26-992B-656607179BF6}"
EndProject
Project("{FAE04EC0-301F-11D3-BF4B-00C04F79EFBC}") = "BlazorSample.Core", "samples\blazor\BlazorSample.Core\BlazorSample.Core.csproj", "{2FB3D047-5D83-4430-80E3-320991B56038}"
EndProject
Global
	GlobalSection(SharedMSBuildProjectFiles) = preSolution
		src\Mallos.Input.Debug\Mallos.Input.Debug.projitems*{185e0c41-48cb-4a2e-b9cd-9696d3a0100c}*SharedItemsImports = 5
		src\Mallos.Input.Debug\Mallos.Input.Debug.projitems*{ffda853a-f774-491d-bb94-918464bebe47}*SharedItemsImports = 13
	EndGlobalSection
	GlobalSection(SolutionConfigurationPlatforms) = preSolution
		Debug|Any CPU = Debug|Any CPU
		Debug|x64 = Debug|x64
		Debug|x86 = Debug|x86
		Release|Any CPU = Release|Any CPU
		Release|x64 = Release|x64
		Release|x86 = Release|x86
	EndGlobalSection
	GlobalSection(ProjectConfigurationPlatforms) = postSolution
		{F43A7ADB-A7E5-4F8D-B900-704DFC840C01}.Debug|Any CPU.ActiveCfg = Debug|Any CPU
		{F43A7ADB-A7E5-4F8D-B900-704DFC840C01}.Debug|Any CPU.Build.0 = Debug|Any CPU
		{F43A7ADB-A7E5-4F8D-B900-704DFC840C01}.Debug|x64.ActiveCfg = Debug|Any CPU
		{F43A7ADB-A7E5-4F8D-B900-704DFC840C01}.Debug|x64.Build.0 = Debug|Any CPU
		{F43A7ADB-A7E5-4F8D-B900-704DFC840C01}.Debug|x86.ActiveCfg = Debug|Any CPU
		{F43A7ADB-A7E5-4F8D-B900-704DFC840C01}.Debug|x86.Build.0 = Debug|Any CPU
		{F43A7ADB-A7E5-4F8D-B900-704DFC840C01}.Release|Any CPU.ActiveCfg = Release|Any CPU
		{F43A7ADB-A7E5-4F8D-B900-704DFC840C01}.Release|Any CPU.Build.0 = Release|Any CPU
		{F43A7ADB-A7E5-4F8D-B900-704DFC840C01}.Release|x64.ActiveCfg = Release|Any CPU
		{F43A7ADB-A7E5-4F8D-B900-704DFC840C01}.Release|x64.Build.0 = Release|Any CPU
		{F43A7ADB-A7E5-4F8D-B900-704DFC840C01}.Release|x86.ActiveCfg = Release|Any CPU
		{F43A7ADB-A7E5-4F8D-B900-704DFC840C01}.Release|x86.Build.0 = Release|Any CPU
		{72DFC3B3-3D7E-44FB-99B0-8AB9BFD27BE7}.Debug|Any CPU.ActiveCfg = Debug|Any CPU
		{72DFC3B3-3D7E-44FB-99B0-8AB9BFD27BE7}.Debug|Any CPU.Build.0 = Debug|Any CPU
		{72DFC3B3-3D7E-44FB-99B0-8AB9BFD27BE7}.Debug|x64.ActiveCfg = Debug|Any CPU
		{72DFC3B3-3D7E-44FB-99B0-8AB9BFD27BE7}.Debug|x64.Build.0 = Debug|Any CPU
		{72DFC3B3-3D7E-44FB-99B0-8AB9BFD27BE7}.Debug|x86.ActiveCfg = Debug|Any CPU
		{72DFC3B3-3D7E-44FB-99B0-8AB9BFD27BE7}.Debug|x86.Build.0 = Debug|Any CPU
		{72DFC3B3-3D7E-44FB-99B0-8AB9BFD27BE7}.Release|Any CPU.ActiveCfg = Release|Any CPU
		{72DFC3B3-3D7E-44FB-99B0-8AB9BFD27BE7}.Release|Any CPU.Build.0 = Release|Any CPU
		{72DFC3B3-3D7E-44FB-99B0-8AB9BFD27BE7}.Release|x64.ActiveCfg = Release|Any CPU
		{72DFC3B3-3D7E-44FB-99B0-8AB9BFD27BE7}.Release|x64.Build.0 = Release|Any CPU
		{72DFC3B3-3D7E-44FB-99B0-8AB9BFD27BE7}.Release|x86.ActiveCfg = Release|Any CPU
		{72DFC3B3-3D7E-44FB-99B0-8AB9BFD27BE7}.Release|x86.Build.0 = Release|Any CPU
		{185E0C41-48CB-4A2E-B9CD-9696D3A0100C}.Debug|Any CPU.ActiveCfg = Debug|Any CPU
		{185E0C41-48CB-4A2E-B9CD-9696D3A0100C}.Debug|Any CPU.Build.0 = Debug|Any CPU
		{185E0C41-48CB-4A2E-B9CD-9696D3A0100C}.Debug|x64.ActiveCfg = Debug|Any CPU
		{185E0C41-48CB-4A2E-B9CD-9696D3A0100C}.Debug|x64.Build.0 = Debug|Any CPU
		{185E0C41-48CB-4A2E-B9CD-9696D3A0100C}.Debug|x86.ActiveCfg = Debug|Any CPU
		{185E0C41-48CB-4A2E-B9CD-9696D3A0100C}.Debug|x86.Build.0 = Debug|Any CPU
		{185E0C41-48CB-4A2E-B9CD-9696D3A0100C}.Release|Any CPU.ActiveCfg = Release|Any CPU
		{185E0C41-48CB-4A2E-B9CD-9696D3A0100C}.Release|Any CPU.Build.0 = Release|Any CPU
		{185E0C41-48CB-4A2E-B9CD-9696D3A0100C}.Release|x64.ActiveCfg = Release|Any CPU
		{185E0C41-48CB-4A2E-B9CD-9696D3A0100C}.Release|x64.Build.0 = Release|Any CPU
		{185E0C41-48CB-4A2E-B9CD-9696D3A0100C}.Release|x86.ActiveCfg = Release|Any CPU
		{185E0C41-48CB-4A2E-B9CD-9696D3A0100C}.Release|x86.Build.0 = Release|Any CPU
		{790ED8E7-B61A-4989-853E-5DFBE01DCF66}.Debug|Any CPU.ActiveCfg = Debug|Any CPU
		{790ED8E7-B61A-4989-853E-5DFBE01DCF66}.Debug|Any CPU.Build.0 = Debug|Any CPU
		{790ED8E7-B61A-4989-853E-5DFBE01DCF66}.Debug|x64.ActiveCfg = Debug|Any CPU
		{790ED8E7-B61A-4989-853E-5DFBE01DCF66}.Debug|x64.Build.0 = Debug|Any CPU
		{790ED8E7-B61A-4989-853E-5DFBE01DCF66}.Debug|x86.ActiveCfg = Debug|Any CPU
		{790ED8E7-B61A-4989-853E-5DFBE01DCF66}.Debug|x86.Build.0 = Debug|Any CPU
		{790ED8E7-B61A-4989-853E-5DFBE01DCF66}.Release|Any CPU.ActiveCfg = Release|Any CPU
		{790ED8E7-B61A-4989-853E-5DFBE01DCF66}.Release|Any CPU.Build.0 = Release|Any CPU
		{790ED8E7-B61A-4989-853E-5DFBE01DCF66}.Release|x64.ActiveCfg = Release|Any CPU
		{790ED8E7-B61A-4989-853E-5DFBE01DCF66}.Release|x64.Build.0 = Release|Any CPU
		{790ED8E7-B61A-4989-853E-5DFBE01DCF66}.Release|x86.ActiveCfg = Release|Any CPU
		{790ED8E7-B61A-4989-853E-5DFBE01DCF66}.Release|x86.Build.0 = Release|Any CPU
		{310A35DA-2A24-49CC-A9BC-8E3825B003E5}.Debug|Any CPU.ActiveCfg = Debug|Any CPU
		{310A35DA-2A24-49CC-A9BC-8E3825B003E5}.Debug|Any CPU.Build.0 = Debug|Any CPU
		{310A35DA-2A24-49CC-A9BC-8E3825B003E5}.Debug|x64.ActiveCfg = Debug|Any CPU
		{310A35DA-2A24-49CC-A9BC-8E3825B003E5}.Debug|x64.Build.0 = Debug|Any CPU
		{310A35DA-2A24-49CC-A9BC-8E3825B003E5}.Debug|x86.ActiveCfg = Debug|Any CPU
		{310A35DA-2A24-49CC-A9BC-8E3825B003E5}.Debug|x86.Build.0 = Debug|Any CPU
		{310A35DA-2A24-49CC-A9BC-8E3825B003E5}.Release|Any CPU.ActiveCfg = Release|Any CPU
		{310A35DA-2A24-49CC-A9BC-8E3825B003E5}.Release|Any CPU.Build.0 = Release|Any CPU
		{310A35DA-2A24-49CC-A9BC-8E3825B003E5}.Release|x64.ActiveCfg = Release|Any CPU
		{310A35DA-2A24-49CC-A9BC-8E3825B003E5}.Release|x64.Build.0 = Release|Any CPU
		{310A35DA-2A24-49CC-A9BC-8E3825B003E5}.Release|x86.ActiveCfg = Release|Any CPU
		{310A35DA-2A24-49CC-A9BC-8E3825B003E5}.Release|x86.Build.0 = Release|Any CPU
		{CFAA2710-90AB-4E26-992B-656607179BF6}.Debug|Any CPU.ActiveCfg = Debug|Any CPU
		{CFAA2710-90AB-4E26-992B-656607179BF6}.Debug|Any CPU.Build.0 = Debug|Any CPU
		{CFAA2710-90AB-4E26-992B-656607179BF6}.Debug|x64.ActiveCfg = Debug|Any CPU
		{CFAA2710-90AB-4E26-992B-656607179BF6}.Debug|x64.Build.0 = Debug|Any CPU
		{CFAA2710-90AB-4E26-992B-656607179BF6}.Debug|x86.ActiveCfg = Debug|Any CPU
		{CFAA2710-90AB-4E26-992B-656607179BF6}.Debug|x86.Build.0 = Debug|Any CPU
		{CFAA2710-90AB-4E26-992B-656607179BF6}.Release|Any CPU.ActiveCfg = Release|Any CPU
		{CFAA2710-90AB-4E26-992B-656607179BF6}.Release|Any CPU.Build.0 = Release|Any CPU
		{CFAA2710-90AB-4E26-992B-656607179BF6}.Release|x64.ActiveCfg = Release|Any CPU
		{CFAA2710-90AB-4E26-992B-656607179BF6}.Release|x64.Build.0 = Release|Any CPU
		{CFAA2710-90AB-4E26-992B-656607179BF6}.Release|x86.ActiveCfg = Release|Any CPU
		{CFAA2710-90AB-4E26-992B-656607179BF6}.Release|x86.Build.0 = Release|Any CPU
		{2FB3D047-5D83-4430-80E3-320991B56038}.Debug|Any CPU.ActiveCfg = Debug|Any CPU
		{2FB3D047-5D83-4430-80E3-320991B56038}.Debug|Any CPU.Build.0 = Debug|Any CPU
		{2FB3D047-5D83-4430-80E3-320991B56038}.Debug|x64.ActiveCfg = Debug|Any CPU
		{2FB3D047-5D83-4430-80E3-320991B56038}.Debug|x64.Build.0 = Debug|Any CPU
		{2FB3D047-5D83-4430-80E3-320991B56038}.Debug|x86.ActiveCfg = Debug|Any CPU
		{2FB3D047-5D83-4430-80E3-320991B56038}.Debug|x86.Build.0 = Debug|Any CPU
		{2FB3D047-5D83-4430-80E3-320991B56038}.Release|Any CPU.ActiveCfg = Release|Any CPU
		{2FB3D047-5D83-4430-80E3-320991B56038}.Release|Any CPU.Build.0 = Release|Any CPU
		{2FB3D047-5D83-4430-80E3-320991B56038}.Release|x64.ActiveCfg = Release|Any CPU
		{2FB3D047-5D83-4430-80E3-320991B56038}.Release|x64.Build.0 = Release|Any CPU
		{2FB3D047-5D83-4430-80E3-320991B56038}.Release|x86.ActiveCfg = Release|Any CPU
		{2FB3D047-5D83-4430-80E3-320991B56038}.Release|x86.Build.0 = Release|Any CPU
	EndGlobalSection
	GlobalSection(SolutionProperties) = preSolution
		HideSolutionNode = FALSE
	EndGlobalSection
	GlobalSection(NestedProjects) = preSolution
		{F43A7ADB-A7E5-4F8D-B900-704DFC840C01} = {4FB0816A-AD8E-448E-928A-774A64FC1C30}
		{72DFC3B3-3D7E-44FB-99B0-8AB9BFD27BE7} = {4FB0816A-AD8E-448E-928A-774A64FC1C30}
		{FFDA853A-F774-491D-BB94-918464BEBE47} = {4FB0816A-AD8E-448E-928A-774A64FC1C30}
		{185E0C41-48CB-4A2E-B9CD-9696D3A0100C} = {4FB0816A-AD8E-448E-928A-774A64FC1C30}
		{790ED8E7-B61A-4989-853E-5DFBE01DCF66} = {5B5230D7-AC2B-4BCB-9FFC-3BD26DB61F44}
		{310A35DA-2A24-49CC-A9BC-8E3825B003E5} = {4FB0816A-AD8E-448E-928A-774A64FC1C30}
		{F2321B34-936B-4466-B8D3-AF57FC15140D} = {1CD9C844-1AED-414E-814A-96CD68EC107A}
		{CFAA2710-90AB-4E26-992B-656607179BF6} = {F2321B34-936B-4466-B8D3-AF57FC15140D}
		{2FB3D047-5D83-4430-80E3-320991B56038} = {F2321B34-936B-4466-B8D3-AF57FC15140D}
	EndGlobalSection
	GlobalSection(ExtensibilityGlobals) = postSolution
		SolutionGuid = {D3F35AF9-BE47-4EEB-9C2F-CD7AF08FFA4E}
	EndGlobalSection
EndGlobal
