
Microsoft Visual Studio Solution File, Format Version 12.00
# Visual Studio Version 16
VisualStudioVersion = 16.0.29123.88
MinimumVisualStudioVersion = 10.0.40219.1
Project("{2150E333-8FDC-42A3-9474-1A3956D46DE8}") = "src", "src", "{4FB0816A-AD8E-448E-928A-774A64FC1C30}"
EndProject
Project("{2150E333-8FDC-42A3-9474-1A3956D46DE8}") = "build", "build", "{A14D1E2F-7D7E-481D-91A7-71F7837D60BE}"
	ProjectSection(SolutionItems) = preProject
		README.md = README.md
	EndProjectSection
EndProject
Project("{2150E333-8FDC-42A3-9474-1A3956D46DE8}") = "test", "test", "{5B5230D7-AC2B-4BCB-9FFC-3BD26DB61F44}"
EndProject
Project("{9A19103F-16F7-4668-BE54-9A1E7A4F7556}") = "OpenInput", "src\OpenInput\OpenInput.csproj", "{F43A7ADB-A7E5-4F8D-B900-704DFC840C01}"
EndProject
Project("{FAE04EC0-301F-11D3-BF4B-00C04F79EFBC}") = "OpenInput.Veldrid.SDL2", "src\OpenInput.Veldrid.SDL2\OpenInput.Veldrid.SDL2.csproj", "{72DFC3B3-3D7E-44FB-99B0-8AB9BFD27BE7}"
EndProject
Project("{9A19103F-16F7-4668-BE54-9A1E7A4F7556}") = "OpenInput.Veldrid.SDL.Test", "test\OpenInput.Veldrid.SDL.Test\OpenInput.Veldrid.SDL.Test.csproj", "{303A216E-AAA4-46A9-97BF-6E3880CB9E31}"
EndProject
Global
	GlobalSection(SolutionConfigurationPlatforms) = preSolution
		Debug|Any CPU = Debug|Any CPU
		Debug|x64 = Debug|x64
		Debug|x86 = Debug|x86
		Release|Any CPU = Release|Any CPU
		Release|x64 = Release|x64
		Release|x86 = Release|x86
	EndGlobalSection
	GlobalSection(ProjectConfigurationPlatforms) = postSolution
		{F43A7ADB-A7E5-4F8D-B900-704DFC840C01}.Debug|Any CPU.ActiveCfg = Debug|Any CPU
		{F43A7ADB-A7E5-4F8D-B900-704DFC840C01}.Debug|Any CPU.Build.0 = Debug|Any CPU
		{F43A7ADB-A7E5-4F8D-B900-704DFC840C01}.Debug|x64.ActiveCfg = Debug|Any CPU
		{F43A7ADB-A7E5-4F8D-B900-704DFC840C01}.Debug|x64.Build.0 = Debug|Any CPU
		{F43A7ADB-A7E5-4F8D-B900-704DFC840C01}.Debug|x86.ActiveCfg = Debug|Any CPU
		{F43A7ADB-A7E5-4F8D-B900-704DFC840C01}.Debug|x86.Build.0 = Debug|Any CPU
		{F43A7ADB-A7E5-4F8D-B900-704DFC840C01}.Release|Any CPU.ActiveCfg = Release|Any CPU
		{F43A7ADB-A7E5-4F8D-B900-704DFC840C01}.Release|Any CPU.Build.0 = Release|Any CPU
		{F43A7ADB-A7E5-4F8D-B900-704DFC840C01}.Release|x64.ActiveCfg = Release|Any CPU
		{F43A7ADB-A7E5-4F8D-B900-704DFC840C01}.Release|x64.Build.0 = Release|Any CPU
		{F43A7ADB-A7E5-4F8D-B900-704DFC840C01}.Release|x86.ActiveCfg = Release|Any CPU
		{F43A7ADB-A7E5-4F8D-B900-704DFC840C01}.Release|x86.Build.0 = Release|Any CPU
		{72DFC3B3-3D7E-44FB-99B0-8AB9BFD27BE7}.Debug|Any CPU.ActiveCfg = Debug|Any CPU
		{72DFC3B3-3D7E-44FB-99B0-8AB9BFD27BE7}.Debug|Any CPU.Build.0 = Debug|Any CPU
		{72DFC3B3-3D7E-44FB-99B0-8AB9BFD27BE7}.Debug|x64.ActiveCfg = Debug|Any CPU
		{72DFC3B3-3D7E-44FB-99B0-8AB9BFD27BE7}.Debug|x64.Build.0 = Debug|Any CPU
		{72DFC3B3-3D7E-44FB-99B0-8AB9BFD27BE7}.Debug|x86.ActiveCfg = Debug|Any CPU
		{72DFC3B3-3D7E-44FB-99B0-8AB9BFD27BE7}.Debug|x86.Build.0 = Debug|Any CPU
		{72DFC3B3-3D7E-44FB-99B0-8AB9BFD27BE7}.Release|Any CPU.ActiveCfg = Release|Any CPU
		{72DFC3B3-3D7E-44FB-99B0-8AB9BFD27BE7}.Release|Any CPU.Build.0 = Release|Any CPU
		{72DFC3B3-3D7E-44FB-99B0-8AB9BFD27BE7}.Release|x64.ActiveCfg = Release|Any CPU
		{72DFC3B3-3D7E-44FB-99B0-8AB9BFD27BE7}.Release|x64.Build.0 = Release|Any CPU
		{72DFC3B3-3D7E-44FB-99B0-8AB9BFD27BE7}.Release|x86.ActiveCfg = Release|Any CPU
		{72DFC3B3-3D7E-44FB-99B0-8AB9BFD27BE7}.Release|x86.Build.0 = Release|Any CPU
		{303A216E-AAA4-46A9-97BF-6E3880CB9E31}.Debug|Any CPU.ActiveCfg = Debug|Any CPU
		{303A216E-AAA4-46A9-97BF-6E3880CB9E31}.Debug|Any CPU.Build.0 = Debug|Any CPU
		{303A216E-AAA4-46A9-97BF-6E3880CB9E31}.Debug|x64.ActiveCfg = Debug|Any CPU
		{303A216E-AAA4-46A9-97BF-6E3880CB9E31}.Debug|x64.Build.0 = Debug|Any CPU
		{303A216E-AAA4-46A9-97BF-6E3880CB9E31}.Debug|x86.ActiveCfg = Debug|Any CPU
		{303A216E-AAA4-46A9-97BF-6E3880CB9E31}.Debug|x86.Build.0 = Debug|Any CPU
		{303A216E-AAA4-46A9-97BF-6E3880CB9E31}.Release|Any CPU.ActiveCfg = Release|Any CPU
		{303A216E-AAA4-46A9-97BF-6E3880CB9E31}.Release|Any CPU.Build.0 = Release|Any CPU
		{303A216E-AAA4-46A9-97BF-6E3880CB9E31}.Release|x64.ActiveCfg = Release|Any CPU
		{303A216E-AAA4-46A9-97BF-6E3880CB9E31}.Release|x64.Build.0 = Release|Any CPU
		{303A216E-AAA4-46A9-97BF-6E3880CB9E31}.Release|x86.ActiveCfg = Release|Any CPU
		{303A216E-AAA4-46A9-97BF-6E3880CB9E31}.Release|x86.Build.0 = Release|Any CPU
	EndGlobalSection
	GlobalSection(SolutionProperties) = preSolution
		HideSolutionNode = FALSE
	EndGlobalSection
	GlobalSection(NestedProjects) = preSolution
		{F43A7ADB-A7E5-4F8D-B900-704DFC840C01} = {4FB0816A-AD8E-448E-928A-774A64FC1C30}
		{72DFC3B3-3D7E-44FB-99B0-8AB9BFD27BE7} = {4FB0816A-AD8E-448E-928A-774A64FC1C30}
		{303A216E-AAA4-46A9-97BF-6E3880CB9E31} = {5B5230D7-AC2B-4BCB-9FFC-3BD26DB61F44}
	EndGlobalSection
	GlobalSection(ExtensibilityGlobals) = postSolution
		SolutionGuid = {D3F35AF9-BE47-4EEB-9C2F-CD7AF08FFA4E}
	EndGlobalSection
EndGlobal
