
Microsoft Visual Studio Solution File, Format Version 12.00
# Visual Studio 14
VisualStudioVersion = 14.0.22823.1
MinimumVisualStudioVersion = 10.0.40219.1
Project("{2150E333-8FDC-42A3-9474-1A3956D46DE8}") = "src", "src", "{4FB0816A-AD8E-448E-928A-774A64FC1C30}"
EndProject
Project("{2150E333-8FDC-42A3-9474-1A3956D46DE8}") = "build", "build", "{A14D1E2F-7D7E-481D-91A7-71F7837D60BE}"
	ProjectSection(SolutionItems) = preProject
		global.json = global.json
	EndProjectSection
EndProject
Project("{2150E333-8FDC-42A3-9474-1A3956D46DE8}") = "test", "test", "{5B5230D7-AC2B-4BCB-9FFC-3BD26DB61F44}"
EndProject
Project("{8BB2217D-0F2D-49D1-97BC-3654ED321F3B}") = "OpenInput", "src\OpenInput\OpenInput.xproj", "{369BCF50-43D7-4E15-A2EB-C56C0EC4C65E}"
EndProject
Project("{8BB2217D-0F2D-49D1-97BC-3654ED321F3B}") = "OpenInput.Windows", "src\OpenInput.Windows\OpenInput.Windows.xproj", "{A06F803F-45BF-4053-A8DB-91DF29D44E3E}"
EndProject
Project("{8BB2217D-0F2D-49D1-97BC-3654ED321F3B}") = "OpenInput.OpenTK", "src\OpenInput.OpenTK\OpenInput.OpenTK.xproj", "{AFA72CCD-912F-45D4-8190-ABD0F3D932DA}"
EndProject
Project("{8BB2217D-0F2D-49D1-97BC-3654ED321F3B}") = "OpenInput.Windows.Test", "test\OpenInput.Windows.Test\OpenInput.Windows.Test.xproj", "{C503A7BB-5A74-457F-986C-F5E6EFED4F8B}"
EndProject
Project("{8BB2217D-0F2D-49D1-97BC-3654ED321F3B}") = "OpenInput.OpenTK.Test", "test\OpenInput.OpenTK.Test\OpenInput.OpenTK.Test.xproj", "{4383A9F8-0628-487C-B119-ACCC9807945A}"
EndProject
Global
	GlobalSection(SolutionConfigurationPlatforms) = preSolution
		Debug|Any CPU = Debug|Any CPU
		Release|Any CPU = Release|Any CPU
	EndGlobalSection
	GlobalSection(ProjectConfigurationPlatforms) = postSolution
		{369BCF50-43D7-4E15-A2EB-C56C0EC4C65E}.Debug|Any CPU.ActiveCfg = Debug|Any CPU
		{369BCF50-43D7-4E15-A2EB-C56C0EC4C65E}.Debug|Any CPU.Build.0 = Debug|Any CPU
		{369BCF50-43D7-4E15-A2EB-C56C0EC4C65E}.Release|Any CPU.ActiveCfg = Release|Any CPU
		{369BCF50-43D7-4E15-A2EB-C56C0EC4C65E}.Release|Any CPU.Build.0 = Release|Any CPU
		{A06F803F-45BF-4053-A8DB-91DF29D44E3E}.Debug|Any CPU.ActiveCfg = Debug|Any CPU
		{A06F803F-45BF-4053-A8DB-91DF29D44E3E}.Debug|Any CPU.Build.0 = Debug|Any CPU
		{A06F803F-45BF-4053-A8DB-91DF29D44E3E}.Release|Any CPU.ActiveCfg = Release|Any CPU
		{A06F803F-45BF-4053-A8DB-91DF29D44E3E}.Release|Any CPU.Build.0 = Release|Any CPU
		{AFA72CCD-912F-45D4-8190-ABD0F3D932DA}.Debug|Any CPU.ActiveCfg = Debug|Any CPU
		{AFA72CCD-912F-45D4-8190-ABD0F3D932DA}.Debug|Any CPU.Build.0 = Debug|Any CPU
		{AFA72CCD-912F-45D4-8190-ABD0F3D932DA}.Release|Any CPU.ActiveCfg = Release|Any CPU
		{AFA72CCD-912F-45D4-8190-ABD0F3D932DA}.Release|Any CPU.Build.0 = Release|Any CPU
		{C503A7BB-5A74-457F-986C-F5E6EFED4F8B}.Debug|Any CPU.ActiveCfg = Debug|Any CPU
		{C503A7BB-5A74-457F-986C-F5E6EFED4F8B}.Debug|Any CPU.Build.0 = Debug|Any CPU
		{C503A7BB-5A74-457F-986C-F5E6EFED4F8B}.Release|Any CPU.ActiveCfg = Release|Any CPU
		{C503A7BB-5A74-457F-986C-F5E6EFED4F8B}.Release|Any CPU.Build.0 = Release|Any CPU
		{4383A9F8-0628-487C-B119-ACCC9807945A}.Debug|Any CPU.ActiveCfg = Debug|Any CPU
		{4383A9F8-0628-487C-B119-ACCC9807945A}.Debug|Any CPU.Build.0 = Debug|Any CPU
		{4383A9F8-0628-487C-B119-ACCC9807945A}.Release|Any CPU.ActiveCfg = Release|Any CPU
		{4383A9F8-0628-487C-B119-ACCC9807945A}.Release|Any CPU.Build.0 = Release|Any CPU
	EndGlobalSection
	GlobalSection(SolutionProperties) = preSolution
		HideSolutionNode = FALSE
	EndGlobalSection
	GlobalSection(NestedProjects) = preSolution
		{369BCF50-43D7-4E15-A2EB-C56C0EC4C65E} = {4FB0816A-AD8E-448E-928A-774A64FC1C30}
		{A06F803F-45BF-4053-A8DB-91DF29D44E3E} = {4FB0816A-AD8E-448E-928A-774A64FC1C30}
		{AFA72CCD-912F-45D4-8190-ABD0F3D932DA} = {4FB0816A-AD8E-448E-928A-774A64FC1C30}
		{C503A7BB-5A74-457F-986C-F5E6EFED4F8B} = {5B5230D7-AC2B-4BCB-9FFC-3BD26DB61F44}
		{4383A9F8-0628-487C-B119-ACCC9807945A} = {5B5230D7-AC2B-4BCB-9FFC-3BD26DB61F44}
	EndGlobalSection
EndGlobal
