
Microsoft Visual Studio Solution File, Format Version 12.00
# Visual Studio 15
VisualStudioVersion = 15.0.26206.0
MinimumVisualStudioVersion = 10.0.40219.1
Project("{2150E333-8FDC-42A3-9474-1A3956D46DE8}") = "src", "src", "{4FB0816A-AD8E-448E-928A-774A64FC1C30}"
EndProject
Project("{2150E333-8FDC-42A3-9474-1A3956D46DE8}") = "build", "build", "{A14D1E2F-7D7E-481D-91A7-71F7837D60BE}"
	ProjectSection(SolutionItems) = preProject
		README.md = README.md
	EndProjectSection
EndProject
Project("{2150E333-8FDC-42A3-9474-1A3956D46DE8}") = "test", "test", "{5B5230D7-AC2B-4BCB-9FFC-3BD26DB61F44}"
EndProject
Project("{9A19103F-16F7-4668-BE54-9A1E7A4F7556}") = "OpenInput", "src\OpenInput\OpenInput.csproj", "{369BCF50-43D7-4E15-A2EB-C56C0EC4C65E}"
EndProject
Project("{9A19103F-16F7-4668-BE54-9A1E7A4F7556}") = "OpenInput.OpenTK", "src\OpenInput.OpenTK\OpenInput.OpenTK.csproj", "{AFA72CCD-912F-45D4-8190-ABD0F3D932DA}"
EndProject
Project("{9A19103F-16F7-4668-BE54-9A1E7A4F7556}") = "OpenInput.Test", "test\OpenInput.Test.csproj", "{A15B3315-95B8-4DB1-BB31-3A33BEAAC9E2}"
EndProject
Global
	GlobalSection(SolutionConfigurationPlatforms) = preSolution
		Debug|Any CPU = Debug|Any CPU
		Debug|x64 = Debug|x64
		Debug|x86 = Debug|x86
		Release|Any CPU = Release|Any CPU
		Release|x64 = Release|x64
		Release|x86 = Release|x86
	EndGlobalSection
	GlobalSection(ProjectConfigurationPlatforms) = postSolution
		{369BCF50-43D7-4E15-A2EB-C56C0EC4C65E}.Debug|Any CPU.ActiveCfg = Debug|Any CPU
		{369BCF50-43D7-4E15-A2EB-C56C0EC4C65E}.Debug|Any CPU.Build.0 = Debug|Any CPU
		{369BCF50-43D7-4E15-A2EB-C56C0EC4C65E}.Debug|x64.ActiveCfg = Debug|x64
		{369BCF50-43D7-4E15-A2EB-C56C0EC4C65E}.Debug|x64.Build.0 = Debug|x64
		{369BCF50-43D7-4E15-A2EB-C56C0EC4C65E}.Debug|x86.ActiveCfg = Debug|x86
		{369BCF50-43D7-4E15-A2EB-C56C0EC4C65E}.Debug|x86.Build.0 = Debug|x86
		{369BCF50-43D7-4E15-A2EB-C56C0EC4C65E}.Release|Any CPU.ActiveCfg = Release|Any CPU
		{369BCF50-43D7-4E15-A2EB-C56C0EC4C65E}.Release|Any CPU.Build.0 = Release|Any CPU
		{369BCF50-43D7-4E15-A2EB-C56C0EC4C65E}.Release|x64.ActiveCfg = Release|x64
		{369BCF50-43D7-4E15-A2EB-C56C0EC4C65E}.Release|x64.Build.0 = Release|x64
		{369BCF50-43D7-4E15-A2EB-C56C0EC4C65E}.Release|x86.ActiveCfg = Release|x86
		{369BCF50-43D7-4E15-A2EB-C56C0EC4C65E}.Release|x86.Build.0 = Release|x86
		{AFA72CCD-912F-45D4-8190-ABD0F3D932DA}.Debug|Any CPU.ActiveCfg = Debug|Any CPU
		{AFA72CCD-912F-45D4-8190-ABD0F3D932DA}.Debug|Any CPU.Build.0 = Debug|Any CPU
		{AFA72CCD-912F-45D4-8190-ABD0F3D932DA}.Debug|x64.ActiveCfg = Debug|x64
		{AFA72CCD-912F-45D4-8190-ABD0F3D932DA}.Debug|x64.Build.0 = Debug|x64
		{AFA72CCD-912F-45D4-8190-ABD0F3D932DA}.Debug|x86.ActiveCfg = Debug|x86
		{AFA72CCD-912F-45D4-8190-ABD0F3D932DA}.Debug|x86.Build.0 = Debug|x86
		{AFA72CCD-912F-45D4-8190-ABD0F3D932DA}.Release|Any CPU.ActiveCfg = Release|Any CPU
		{AFA72CCD-912F-45D4-8190-ABD0F3D932DA}.Release|Any CPU.Build.0 = Release|Any CPU
		{AFA72CCD-912F-45D4-8190-ABD0F3D932DA}.Release|x64.ActiveCfg = Release|x64
		{AFA72CCD-912F-45D4-8190-ABD0F3D932DA}.Release|x64.Build.0 = Release|x64
		{AFA72CCD-912F-45D4-8190-ABD0F3D932DA}.Release|x86.ActiveCfg = Release|x86
		{AFA72CCD-912F-45D4-8190-ABD0F3D932DA}.Release|x86.Build.0 = Release|x86
		{A15B3315-95B8-4DB1-BB31-3A33BEAAC9E2}.Debug|Any CPU.ActiveCfg = Debug|Any CPU
		{A15B3315-95B8-4DB1-BB31-3A33BEAAC9E2}.Debug|Any CPU.Build.0 = Debug|Any CPU
		{A15B3315-95B8-4DB1-BB31-3A33BEAAC9E2}.Debug|x64.ActiveCfg = Debug|x64
		{A15B3315-95B8-4DB1-BB31-3A33BEAAC9E2}.Debug|x64.Build.0 = Debug|x64
		{A15B3315-95B8-4DB1-BB31-3A33BEAAC9E2}.Debug|x86.ActiveCfg = Debug|x86
		{A15B3315-95B8-4DB1-BB31-3A33BEAAC9E2}.Debug|x86.Build.0 = Debug|x86
		{A15B3315-95B8-4DB1-BB31-3A33BEAAC9E2}.Release|Any CPU.ActiveCfg = Release|Any CPU
		{A15B3315-95B8-4DB1-BB31-3A33BEAAC9E2}.Release|Any CPU.Build.0 = Release|Any CPU
		{A15B3315-95B8-4DB1-BB31-3A33BEAAC9E2}.Release|x64.ActiveCfg = Release|x64
		{A15B3315-95B8-4DB1-BB31-3A33BEAAC9E2}.Release|x64.Build.0 = Release|x64
		{A15B3315-95B8-4DB1-BB31-3A33BEAAC9E2}.Release|x86.ActiveCfg = Release|x86
		{A15B3315-95B8-4DB1-BB31-3A33BEAAC9E2}.Release|x86.Build.0 = Release|x86
	EndGlobalSection
	GlobalSection(SolutionProperties) = preSolution
		HideSolutionNode = FALSE
	EndGlobalSection
	GlobalSection(NestedProjects) = preSolution
		{369BCF50-43D7-4E15-A2EB-C56C0EC4C65E} = {4FB0816A-AD8E-448E-928A-774A64FC1C30}
		{AFA72CCD-912F-45D4-8190-ABD0F3D932DA} = {4FB0816A-AD8E-448E-928A-774A64FC1C30}
		{A15B3315-95B8-4DB1-BB31-3A33BEAAC9E2} = {5B5230D7-AC2B-4BCB-9FFC-3BD26DB61F44}
	EndGlobalSection
EndGlobal
